
Microsoft Visual Studio Solution File, Format Version 12.00
# Visual Studio Version 17
VisualStudioVersion = 17.10.35004.147
MinimumVisualStudioVersion = 10.0.40219.1
Project("{FAE04EC0-301F-11D3-BF4B-00C04F79EFBC}") = "MouseServiceServer", "MouseService\MouseServiceServer.csproj", "{8CF684F4-BABF-457D-AB71-3C92490E7FC7}"
EndProject
Project("{FAE04EC0-301F-11D3-BF4B-00C04F79EFBC}") = "MouseServiceContracts", "MouseServiceContracts\MouseServiceContracts.csproj", "{2B9D01DA-7382-4F81-AE08-D760DB00BAD8}"
EndProject
Project("{FAE04EC0-301F-11D3-BF4B-00C04F79EFBC}") = "MouseServiceClient", "MouseServiceClient\MouseServiceClient.csproj", "{B098AAA8-DAED-45F1-9ABC-F990272D7999}"
EndProject
Project("{FAE04EC0-301F-11D3-BF4B-00C04F79EFBC}") = "MouseServiceServerObserber", "MouseServiceServerObserber\MouseServiceServerObserber.csproj", "{63F73B02-F704-4CEF-9379-43C1E99B9A71}"
EndProject
Global
	GlobalSection(SolutionConfigurationPlatforms) = preSolution
		Debug|Any CPU = Debug|Any CPU
		Release|Any CPU = Release|Any CPU
	EndGlobalSection
	GlobalSection(ProjectConfigurationPlatforms) = postSolution
		{8CF684F4-BABF-457D-AB71-3C92490E7FC7}.Debug|Any CPU.ActiveCfg = Debug|Any CPU
		{8CF684F4-BABF-457D-AB71-3C92490E7FC7}.Debug|Any CPU.Build.0 = Debug|Any CPU
		{8CF684F4-BABF-457D-AB71-3C92490E7FC7}.Release|Any CPU.ActiveCfg = Release|Any CPU
		{8CF684F4-BABF-457D-AB71-3C92490E7FC7}.Release|Any CPU.Build.0 = Release|Any CPU
		{2B9D01DA-7382-4F81-AE08-D760DB00BAD8}.Debug|Any CPU.ActiveCfg = Debug|Any CPU
		{2B9D01DA-7382-4F81-AE08-D760DB00BAD8}.Debug|Any CPU.Build.0 = Debug|Any CPU
		{2B9D01DA-7382-4F81-AE08-D760DB00BAD8}.Release|Any CPU.ActiveCfg = Release|Any CPU
		{2B9D01DA-7382-4F81-AE08-D760DB00BAD8}.Release|Any CPU.Build.0 = Release|Any CPU
		{B098AAA8-DAED-45F1-9ABC-F990272D7999}.Debug|Any CPU.ActiveCfg = Debug|Any CPU
		{B098AAA8-DAED-45F1-9ABC-F990272D7999}.Debug|Any CPU.Build.0 = Debug|Any CPU
		{B098AAA8-DAED-45F1-9ABC-F990272D7999}.Release|Any CPU.ActiveCfg = Release|Any CPU
		{B098AAA8-DAED-45F1-9ABC-F990272D7999}.Release|Any CPU.Build.0 = Release|Any CPU
		{63F73B02-F704-4CEF-9379-43C1E99B9A71}.Debug|Any CPU.ActiveCfg = Debug|Any CPU
		{63F73B02-F704-4CEF-9379-43C1E99B9A71}.Debug|Any CPU.Build.0 = Debug|Any CPU
		{63F73B02-F704-4CEF-9379-43C1E99B9A71}.Release|Any CPU.ActiveCfg = Release|Any CPU
		{63F73B02-F704-4CEF-9379-43C1E99B9A71}.Release|Any CPU.Build.0 = Release|Any CPU
	EndGlobalSection
	GlobalSection(SolutionProperties) = preSolution
		HideSolutionNode = FALSE
	EndGlobalSection
	GlobalSection(ExtensibilityGlobals) = postSolution
		SolutionGuid = {40BF6D01-C815-45F9-8C39-551087370184}
	EndGlobalSection
EndGlobal
